Microsoft Visual Studio Solution File, Format Version 12.00
# Visual Studio Version 17
VisualStudioVersion = 17.0.31903.59
MinimumVisualStudioVersion = 10.0.40219.1
Project("{FAE04EC0-301F-11D3-BF4B-00C04F79EFBC}") = "GBZEmuLibrary", "GBZEmuLibrary\GBZEmuLibrary.csproj", "{9B7A7ACE-F450-49CB-A219-DC02382D57D9}"
EndProject
Project("{FAE04EC0-301F-11D3-BF4B-00C04F79EFBC}") = "GBZEmuFrontend", "GBZEmuFrontend\GBZEmuFrontend.csproj", "{1D58400B-B4F0-429E-9213-C3ED1D901A7B}"
EndProject
Project("{FAE04EC0-301F-11D3-BF4B-00C04F79EFBC}") = "GBZEmuTests", "GBZEmuTests\GBZEmuTests.csproj", "{326621B0-ECA1-4174-8673-9EC04DBAAC61}"
EndProject
Project("{FAE04EC0-301F-11D3-BF4B-00C04F79EFBC}") = "GBZEmuHeadless", "GBZEmuHeadless\GBZEmuHeadless.csproj", "{3BB1ECBD-B517-4FA2-BAE6-8C495E874D22}"
EndProject
Global
	GlobalSection(SolutionConfigurationPlatforms) = preSolution
		Debug|Any CPU = Debug|Any CPU
		Debug|x64 = Debug|x64
		Debug|x86 = Debug|x86
		Release|Any CPU = Release|Any CPU
		Release|x64 = Release|x64
		Release|x86 = Release|x86
	EndGlobalSection
	GlobalSection(ProjectConfigurationPlatforms) = postSolution
		{9B7A7ACE-F450-49CB-A219-DC02382D57D9}.Debug|Any CPU.ActiveCfg = Debug|Any CPU
		{9B7A7ACE-F450-49CB-A219-DC02382D57D9}.Debug|Any CPU.Build.0 = Debug|Any CPU
		{9B7A7ACE-F450-49CB-A219-DC02382D57D9}.Debug|x64.ActiveCfg = Debug|Any CPU
		{9B7A7ACE-F450-49CB-A219-DC02382D57D9}.Debug|x64.Build.0 = Debug|Any CPU
		{9B7A7ACE-F450-49CB-A219-DC02382D57D9}.Debug|x86.ActiveCfg = Debug|Any CPU
		{9B7A7ACE-F450-49CB-A219-DC02382D57D9}.Debug|x86.Build.0 = Debug|Any CPU
		{9B7A7ACE-F450-49CB-A219-DC02382D57D9}.Release|Any CPU.ActiveCfg = Release|Any CPU
		{9B7A7ACE-F450-49CB-A219-DC02382D57D9}.Release|Any CPU.Build.0 = Release|Any CPU
		{9B7A7ACE-F450-49CB-A219-DC02382D57D9}.Release|x64.ActiveCfg = Release|Any CPU
		{9B7A7ACE-F450-49CB-A219-DC02382D57D9}.Release|x64.Build.0 = Release|Any CPU
		{9B7A7ACE-F450-49CB-A219-DC02382D57D9}.Release|x86.ActiveCfg = Release|Any CPU
		{9B7A7ACE-F450-49CB-A219-DC02382D57D9}.Release|x86.Build.0 = Release|Any CPU
		{1D58400B-B4F0-429E-9213-C3ED1D901A7B}.Debug|Any CPU.ActiveCfg = Debug|Any CPU
		{1D58400B-B4F0-429E-9213-C3ED1D901A7B}.Debug|Any CPU.Build.0 = Debug|Any CPU
		{1D58400B-B4F0-429E-9213-C3ED1D901A7B}.Debug|x64.ActiveCfg = Debug|Any CPU
		{1D58400B-B4F0-429E-9213-C3ED1D901A7B}.Debug|x64.Build.0 = Debug|Any CPU
		{1D58400B-B4F0-429E-9213-C3ED1D901A7B}.Debug|x86.ActiveCfg = Debug|Any CPU
		{1D58400B-B4F0-429E-9213-C3ED1D901A7B}.Debug|x86.Build.0 = Debug|Any CPU
		{1D58400B-B4F0-429E-9213-C3ED1D901A7B}.Release|Any CPU.ActiveCfg = Release|Any CPU
		{1D58400B-B4F0-429E-9213-C3ED1D901A7B}.Release|Any CPU.Build.0 = Release|Any CPU
		{1D58400B-B4F0-429E-9213-C3ED1D901A7B}.Release|x64.ActiveCfg = Release|Any CPU
		{1D58400B-B4F0-429E-9213-C3ED1D901A7B}.Release|x64.Build.0 = Release|Any CPU
		{1D58400B-B4F0-429E-9213-C3ED1D901A7B}.Release|x86.ActiveCfg = Release|Any CPU
		{1D58400B-B4F0-429E-9213-C3ED1D901A7B}.Release|x86.Build.0 = Release|Any CPU
		{326621B0-ECA1-4174-8673-9EC04DBAAC61}.Debug|Any CPU.ActiveCfg = Debug|Any CPU
		{326621B0-ECA1-4174-8673-9EC04DBAAC61}.Debug|Any CPU.Build.0 = Debug|Any CPU
		{326621B0-ECA1-4174-8673-9EC04DBAAC61}.Debug|x64.ActiveCfg = Debug|Any CPU
		{326621B0-ECA1-4174-8673-9EC04DBAAC61}.Debug|x64.Build.0 = Debug|Any CPU
		{326621B0-ECA1-4174-8673-9EC04DBAAC61}.Debug|x86.ActiveCfg = Debug|Any CPU
		{326621B0-ECA1-4174-8673-9EC04DBAAC61}.Debug|x86.Build.0 = Debug|Any CPU
		{326621B0-ECA1-4174-8673-9EC04DBAAC61}.Release|Any CPU.ActiveCfg = Release|Any CPU
		{326621B0-ECA1-4174-8673-9EC04DBAAC61}.Release|Any CPU.Build.0 = Release|Any CPU
		{326621B0-ECA1-4174-8673-9EC04DBAAC61}.Release|x64.ActiveCfg = Release|Any CPU
		{326621B0-ECA1-4174-8673-9EC04DBAAC61}.Release|x64.Build.0 = Release|Any CPU
		{326621B0-ECA1-4174-8673-9EC04DBAAC61}.Release|x86.ActiveCfg = Release|Any CPU
		{326621B0-ECA1-4174-8673-9EC04DBAAC61}.Release|x86.Build.0 = Release|Any CPU
		{3BB1ECBD-B517-4FA2-BAE6-8C495E874D22}.Debug|Any CPU.ActiveCfg = Debug|Any CPU
		{3BB1ECBD-B517-4FA2-BAE6-8C495E874D22}.Debug|Any CPU.Build.0 = Debug|Any CPU
		{3BB1ECBD-B517-4FA2-BAE6-8C495E874D22}.Debug|x64.ActiveCfg = Debug|Any CPU
		{3BB1ECBD-B517-4FA2-BAE6-8C495E874D22}.Debug|x64.Build.0 = Debug|Any CPU
		{3BB1ECBD-B517-4FA2-BAE6-8C495E874D22}.Debug|x86.ActiveCfg = Debug|Any CPU
		{3BB1ECBD-B517-4FA2-BAE6-8C495E874D22}.Debug|x86.Build.0 = Debug|Any CPU
		{3BB1ECBD-B517-4FA2-BAE6-8C495E874D22}.Release|Any CPU.ActiveCfg = Release|Any CPU
		{3BB1ECBD-B517-4FA2-BAE6-8C495E874D22}.Release|Any CPU.Build.0 = Release|Any CPU
		{3BB1ECBD-B517-4FA2-BAE6-8C495E874D22}.Release|x64.ActiveCfg = Release|Any CPU
		{3BB1ECBD-B517-4FA2-BAE6-8C495E874D22}.Release|x64.Build.0 = Release|Any CPU
		{3BB1ECBD-B517-4FA2-BAE6-8C495E874D22}.Release|x86.ActiveCfg = Release|Any CPU
		{3BB1ECBD-B517-4FA2-BAE6-8C495E874D22}.Release|x86.Build.0 = Release|Any CPU
	EndGlobalSection
	GlobalSection(SolutionProperties) = preSolution
		HideSolutionNode = FALSE
	EndGlobalSection
	GlobalSection(ExtensibilityGlobals) = postSolution
		SolutionGuid = {C83B1181-1D64-4781-A423-33C0851C8E8C}
	EndGlobalSection
EndGlobal
